
Microsoft Visual Studio Solution File, Format Version 12.00
# Visual Studio Version 16
VisualStudioVersion = 16.0.31729.503
MinimumVisualStudioVersion = 10.0.40219.1
Project("{9A19103F-16F7-4668-BE54-9A1E7A4F7556}") = "ACM.BL", "ACM.BL\ACM.BL.csproj", "{9F1A1A39-4619-44CD-8A82-8B3A7324CD49}"
EndProject
Project("{2150E333-8FDC-42A3-9474-1A3956D46DE8}") = "Tests", "Tests", "{06241F31-3EB4-4D88-981B-22FA87F897C2}"
EndProject
Project("{FAE04EC0-301F-11D3-BF4B-00C04F79EFBC}") = "ACM.BLTest", "Tests\ACM.BLTest\ACM.BLTest.csproj", "{96F56650-C6C7-4F9F-B17A-05D463FCDC43}"
EndProject
Project("{9A19103F-16F7-4668-BE54-9A1E7A4F7556}") = "Acme.Common", "Acme.Common\Acme.Common.csproj", "{F3041C6A-668F-4966-BFD2-637BD375F37C}"
EndProject
Project("{FAE04EC0-301F-11D3-BF4B-00C04F79EFBC}") = "Acme.CommonTest", "Tests\Acme.CommonTest\Acme.CommonTest.csproj", "{19B22C11-F2B7-4602-A23B-7FEFA7D9225B}"
EndProject
Global
	GlobalSection(SolutionConfigurationPlatforms) = preSolution
		Debug|Any CPU = Debug|Any CPU
		Release|Any CPU = Release|Any CPU
	EndGlobalSection
	GlobalSection(ProjectConfigurationPlatforms) = postSolution
		{9F1A1A39-4619-44CD-8A82-8B3A7324CD49}.Debug|Any CPU.ActiveCfg = Debug|Any CPU
		{9F1A1A39-4619-44CD-8A82-8B3A7324CD49}.Debug|Any CPU.Build.0 = Debug|Any CPU
		{9F1A1A39-4619-44CD-8A82-8B3A7324CD49}.Release|Any CPU.ActiveCfg = Release|Any CPU
		{9F1A1A39-4619-44CD-8A82-8B3A7324CD49}.Release|Any CPU.Build.0 = Release|Any CPU
		{96F56650-C6C7-4F9F-B17A-05D463FCDC43}.Debug|Any CPU.ActiveCfg = Debug|Any CPU
		{96F56650-C6C7-4F9F-B17A-05D463FCDC43}.Debug|Any CPU.Build.0 = Debug|Any CPU
		{96F56650-C6C7-4F9F-B17A-05D463FCDC43}.Release|Any CPU.ActiveCfg = Release|Any CPU
		{96F56650-C6C7-4F9F-B17A-05D463FCDC43}.Release|Any CPU.Build.0 = Release|Any CPU
		{F3041C6A-668F-4966-BFD2-637BD375F37C}.Debug|Any CPU.ActiveCfg = Debug|Any CPU
		{F3041C6A-668F-4966-BFD2-637BD375F37C}.Debug|Any CPU.Build.0 = Debug|Any CPU
		{F3041C6A-668F-4966-BFD2-637BD375F37C}.Release|Any CPU.ActiveCfg = Release|Any CPU
		{F3041C6A-668F-4966-BFD2-637BD375F37C}.Release|Any CPU.Build.0 = Release|Any CPU
		{19B22C11-F2B7-4602-A23B-7FEFA7D9225B}.Debug|Any CPU.ActiveCfg = Debug|Any CPU
		{19B22C11-F2B7-4602-A23B-7FEFA7D9225B}.Debug|Any CPU.Build.0 = Debug|Any CPU
		{19B22C11-F2B7-4602-A23B-7FEFA7D9225B}.Release|Any CPU.ActiveCfg = Release|Any CPU
		{19B22C11-F2B7-4602-A23B-7FEFA7D9225B}.Release|Any CPU.Build.0 = Release|Any CPU
	EndGlobalSection
	GlobalSection(SolutionProperties) = preSolution
		HideSolutionNode = FALSE
	EndGlobalSection
	GlobalSection(NestedProjects) = preSolution
		{96F56650-C6C7-4F9F-B17A-05D463FCDC43} = {06241F31-3EB4-4D88-981B-22FA87F897C2}
		{19B22C11-F2B7-4602-A23B-7FEFA7D9225B} = {06241F31-3EB4-4D88-981B-22FA87F897C2}
	EndGlobalSection
	GlobalSection(ExtensibilityGlobals) = postSolution
		SolutionGuid = {26EAAA6C-A182-46BF-8074-29EBEEF55BA7}
	EndGlobalSection
EndGlobal
